{
  "name": "panda-portfolio",
  "version": "2.0.5",
  "lockfileVersion": 1,
  "requires": true,
  "dependencies": {
    "ansi-colors": {
      "version": "3.2.4",
      "resolved": "https://registry.npmjs.org/ansi-colors/-/ansi-colors-3.2.4.tgz",
      "integrity": "sha512-hHUXGagefjN2iRrID63xckIvotOXOojhQKWIPUZ4mNUZ9nLZW+7FMNoE1lOkEhNWYsx/7ysGIuJYCiMAA9FnrA=="
    },
    "enquirer": {
      "version": "2.3.1",
      "resolved": "https://registry.npmjs.org/enquirer/-/enquirer-2.3.1.tgz",
      "integrity": "sha512-7slmHsJY+mvnIrzD0Z0FfTFLmVJuIzRNCW72X9s35BshOoC+MI4jLJ8aPyAC/BelAirXBZB+Mu1wSqP0wpW4Kg==",
      "requires": {
        "ansi-colors": "^3.2.1"
      }
    }
  }
}
